
Microsoft Visual Studio Solution File, Format Version 12.00
# Visual Studio Version 16
VisualStudioVersion = 16.0.29102.190
MinimumVisualStudioVersion = 10.0.40219.1
Project("{9A19103F-16F7-4668-BE54-9A1E7A4F7556}") = "DataAccess", "DataAccess\DataAccess.csproj", "{9BE57571-3895-4C54-928F-EE729C22BC36}"
EndProject
Project("{9A19103F-16F7-4668-BE54-9A1E7A4F7556}") = "Api", "Api\Api.csproj", "{76DD1967-45D7-422A-95D5-733A076FD049}"
EndProject
Project("{9A19103F-16F7-4668-BE54-9A1E7A4F7556}") = "WebProdutos", "WebProdutos\WebProdutos.csproj", "{7F93AC48-7665-459A-9231-BA41D1DAB38F}"
EndProject
Project("{9A19103F-16F7-4668-BE54-9A1E7A4F7556}") = "WebApplication", "WebApplication\WebApplication.csproj", "{2A807100-A96F-4EFE-8C55-01ACC2E9ABA2}"
EndProject
Project("{FAE04EC0-301F-11D3-BF4B-00C04F79EFBC}") = "MongoAPI", "MongoAPI\MongoAPI.csproj", "{95A54003-A887-403F-811C-A5CF75905E5F}"
EndProject
Global
	GlobalSection(SolutionConfigurationPlatforms) = preSolution
		Debug|Any CPU = Debug|Any CPU
		Release|Any CPU = Release|Any CPU
	EndGlobalSection
	GlobalSection(ProjectConfigurationPlatforms) = postSolution
		{9BE57571-3895-4C54-928F-EE729C22BC36}.Debug|Any CPU.ActiveCfg = Debug|Any CPU
		{9BE57571-3895-4C54-928F-EE729C22BC36}.Debug|Any CPU.Build.0 = Debug|Any CPU
		{9BE57571-3895-4C54-928F-EE729C22BC36}.Release|Any CPU.ActiveCfg = Release|Any CPU
		{9BE57571-3895-4C54-928F-EE729C22BC36}.Release|Any CPU.Build.0 = Release|Any CPU
		{76DD1967-45D7-422A-95D5-733A076FD049}.Debug|Any CPU.ActiveCfg = Debug|Any CPU
		{76DD1967-45D7-422A-95D5-733A076FD049}.Debug|Any CPU.Build.0 = Debug|Any CPU
		{76DD1967-45D7-422A-95D5-733A076FD049}.Release|Any CPU.ActiveCfg = Release|Any CPU
		{76DD1967-45D7-422A-95D5-733A076FD049}.Release|Any CPU.Build.0 = Release|Any CPU
		{7F93AC48-7665-459A-9231-BA41D1DAB38F}.Debug|Any CPU.ActiveCfg = Debug|Any CPU
		{7F93AC48-7665-459A-9231-BA41D1DAB38F}.Debug|Any CPU.Build.0 = Debug|Any CPU
		{7F93AC48-7665-459A-9231-BA41D1DAB38F}.Release|Any CPU.ActiveCfg = Release|Any CPU
		{7F93AC48-7665-459A-9231-BA41D1DAB38F}.Release|Any CPU.Build.0 = Release|Any CPU
		{2A807100-A96F-4EFE-8C55-01ACC2E9ABA2}.Debug|Any CPU.ActiveCfg = Debug|Any CPU
		{2A807100-A96F-4EFE-8C55-01ACC2E9ABA2}.Debug|Any CPU.Build.0 = Debug|Any CPU
		{2A807100-A96F-4EFE-8C55-01ACC2E9ABA2}.Release|Any CPU.ActiveCfg = Release|Any CPU
		{2A807100-A96F-4EFE-8C55-01ACC2E9ABA2}.Release|Any CPU.Build.0 = Release|Any CPU
		{95A54003-A887-403F-811C-A5CF75905E5F}.Debug|Any CPU.ActiveCfg = Debug|Any CPU
		{95A54003-A887-403F-811C-A5CF75905E5F}.Debug|Any CPU.Build.0 = Debug|Any CPU
		{95A54003-A887-403F-811C-A5CF75905E5F}.Release|Any CPU.ActiveCfg = Release|Any CPU
		{95A54003-A887-403F-811C-A5CF75905E5F}.Release|Any CPU.Build.0 = Release|Any CPU
	EndGlobalSection
	GlobalSection(SolutionProperties) = preSolution
		HideSolutionNode = FALSE
	EndGlobalSection
	GlobalSection(ExtensibilityGlobals) = postSolution
		SolutionGuid = {3258241A-EA6F-4895-A248-B3BEABEFAB8E}
	EndGlobalSection
EndGlobal
